
Microsoft Visual Studio Solution File, Format Version 12.00
# Visual Studio Version 17
VisualStudioVersion = 17.0.31521.260
MinimumVisualStudioVersion = 10.0.40219.1
Project("{9A19103F-16F7-4668-BE54-9A1E7A4F7556}") = "Monitoramento", "Monitoramento\Monitoramento.csproj", "{11850A2D-6CD3-4755-BE30-EC46E6E8DD95}"
EndProject
Project("{840C416C-B8F3-42BC-B0DD-F6BB14C9F8CB}") = "Ping Pro Tools 1.1", "Ping Pro Tools 1.1\Ping Pro Tools 1.1.aiproj", "{32C5C026-EE93-45BA-B5D7-7E831874A982}"
EndProject
Global
	GlobalSection(SolutionConfigurationPlatforms) = preSolution
		All|Any CPU = All|Any CPU
		Debug|Any CPU = Debug|Any CPU
		Release|Any CPU = Release|Any CPU
	EndGlobalSection
	GlobalSection(ProjectConfigurationPlatforms) = postSolution
		{11850A2D-6CD3-4755-BE30-EC46E6E8DD95}.All|Any CPU.ActiveCfg = Release|Any CPU
		{11850A2D-6CD3-4755-BE30-EC46E6E8DD95}.All|Any CPU.Build.0 = Release|Any CPU
		{11850A2D-6CD3-4755-BE30-EC46E6E8DD95}.Debug|Any CPU.ActiveCfg = Debug|Any CPU
		{11850A2D-6CD3-4755-BE30-EC46E6E8DD95}.Debug|Any CPU.Build.0 = Debug|Any CPU
		{11850A2D-6CD3-4755-BE30-EC46E6E8DD95}.Release|Any CPU.ActiveCfg = Release|Any CPU
		{11850A2D-6CD3-4755-BE30-EC46E6E8DD95}.Release|Any CPU.Build.0 = Release|Any CPU
		{32C5C026-EE93-45BA-B5D7-7E831874A982}.All|Any CPU.ActiveCfg = DefaultBuild
		{32C5C026-EE93-45BA-B5D7-7E831874A982}.Debug|Any CPU.ActiveCfg = DefaultBuild
		{32C5C026-EE93-45BA-B5D7-7E831874A982}.Release|Any CPU.ActiveCfg = DefaultBuild
	EndGlobalSection
	GlobalSection(SolutionProperties) = preSolution
		HideSolutionNode = FALSE
	EndGlobalSection
	GlobalSection(ExtensibilityGlobals) = postSolution
		SolutionGuid = {AB8CBDC8-8A44-4C10-8AB6-170052288B46}
	EndGlobalSection
EndGlobal
